<?xml version="1.0" encoding="utf-8"?>
<Project ToolsVersion="4.0" xmlns="http://schemas.microsoft.com/developer/msbuild/2003">
  <ItemGroup>
    <Filter Include="Header Files">
      <UniqueIdentifier>{93995380-89BD-4b04-88EB-625FBE52EBFB}</UniqueIdentifier>
      <Extensions>h;hh;hpp;hxx;h++;hm;inl;inc;ipp;xsd</Extensions>
    </Filter>
    <Filter Include="Resource Files">
      <UniqueIdentifier>{67DA6AB6-F800-4c08-8B7A-83BB121AAD01}</UniqueIdentifier>
      <Extensions>rc;ico;cur;bmp;dlg;rc2;rct;bin;rgs;gif;jpg;jpeg;jpe;resx;tiff;tif;png;wav;mfcribbon-ms</Extensions>
    </Filter>
    <Filter Include="Header Files\Geometry">
      <UniqueIdentifier>{408cd150-b556-48e1-bb08-f45593e0622a}</UniqueIdentifier>
    </Filter>
    <Filter Include="Header Files\Topology">
      <UniqueIdentifier>{c5c3da80-f7b5-4eee-a9fc-ec61357aa19c}</UniqueIdentifier>
    </Filter>
    <Filter Include="Resource Files\Source Files">
      <UniqueIdentifier>{4FC737F1-C7A5-4376-A066-2A32D752A2FF}</UniqueIdentifier>
      <Extensions>cpp;c;cc;cxx;c++;cppm;ixx;def;odl;idl;hpj;bat;asm;asmx</Extensions>
    </Filter>
    <Filter Include="Resource Files\Source Files\Geometry">
      <UniqueIdentifier>{1f8c9e84-e995-403a-a30c-d9297db1f877}</UniqueIdentifier>
    </Filter>
    <Filter Include="Resource Files\Source Files\Topology">
      <UniqueIdentifier>{a094e678-07db-4dbc-ba66-fa51594bfe34}</UniqueIdentifier>
    </Filter>
    <Filter Include="Header Files\STL">
      <UniqueIdentifier>{9373558e-acc8-4a05-bf82-cbe302073cb4}</UniqueIdentifier>
    </Filter>
    <Filter Include="Header Files\IO">
      <UniqueIdentifier>{dd750a48-e212-44e9-b0ce-bffb6298270d}</UniqueIdentifier>
    </Filter>
    <Filter Include="Resource Files\Source Files\IO">
      <UniqueIdentifier>{d1944b42-c8f2-4e37-85d2-28b73be3e684}</UniqueIdentifier>
    </Filter>
  </ItemGroup>
  <ItemGroup>
    <ClInclude Include="Header\Elements.h">
      <Filter>Header Files</Filter>
    </ClInclude>
    <ClInclude Include="Header\Header.h">
      <Filter>Header Files</Filter>
    </ClInclude>
    <ClInclude Include="Header\Helpers.h">
      <Filter>Header Files</Filter>
    </ClInclude>
    <ClInclude Include="Header\Geometry\Cubic.h">
      <Filter>Header Files\Geometry</Filter>
    </ClInclude>
    <ClInclude Include="Header\Geometry\Point.h">
      <Filter>Header Files\Geometry</Filter>
    </ClInclude>
    <ClInclude Include="Header\Geometry\Tessellation.h">
      <Filter>Header Files\Geometry</Filter>
    </ClInclude>
    <ClInclude Include="Header\Geometry\Vector2D.h">
      <Filter>Header Files\Geometry</Filter>
    </ClInclude>
    <ClInclude Include="Header\Geometry\Wireframe.h">
      <Filter>Header Files\Geometry</Filter>
    </ClInclude>
    <ClInclude Include="Header\Topology\Face.h">
      <Filter>Header Files\Topology</Filter>
    </ClInclude>
    <ClInclude Include="Header\Topology\Loop.h">
      <Filter>Header Files\Topology</Filter>
    </ClInclude>
    <ClInclude Include="Header\Topology\Node.h">
      <Filter>Header Files\Topology</Filter>
    </ClInclude>
    <ClInclude Include="Header\Topology\Topology.h">
      <Filter>Header Files\Topology</Filter>
    </ClInclude>
    <ClInclude Include="Header\Topology\Edge.h">
      <Filter>Header Files\Topology</Filter>
    </ClInclude>
    <ClInclude Include="Header\IO\output_console.h">
      <Filter>Header Files\IO</Filter>
    </ClInclude>
    <ClInclude Include="Header\IO\Parameters.h">
      <Filter>Header Files\IO</Filter>
    </ClInclude>
    <ClInclude Include="Header\IO\Finder.h">
      <Filter>Header Files\IO</Filter>
    </ClInclude>
    <ClInclude Include="Header\Stl\stl.h">
      <Filter>Header Files\STL</Filter>
    </ClInclude>
    <ClInclude Include="Header\Stl\stl_interface.h">
      <Filter>Header Files\STL</Filter>
    </ClInclude>
    <ClInclude Include="Header\Stl\triangle.h">
      <Filter>Header Files\STL</Filter>
    </ClInclude>
    <ClInclude Include="Header\Stl\vec3.h">
      <Filter>Header Files\STL</Filter>
    </ClInclude>
    <ClInclude Include="Header\Stl\mesh.h">
      <Filter>Header Files\STL</Filter>
    </ClInclude>
  </ItemGroup>
  <ItemGroup>
    <ClCompile Include="Source\main.cpp">
      <Filter>Resource Files\Source Files</Filter>
    </ClCompile>
    <ClCompile Include="Source\Geometry\Cubic.cpp">
      <Filter>Resource Files\Source Files\Geometry</Filter>
    </ClCompile>
    <ClCompile Include="Source\Geometry\Point.cpp">
      <Filter>Resource Files\Source Files\Geometry</Filter>
    </ClCompile>
    <ClCompile Include="Source\Geometry\Tessellation.cpp">
      <Filter>Resource Files\Source Files\Geometry</Filter>
    </ClCompile>
    <ClCompile Include="Source\Geometry\Vector2D.cpp">
      <Filter>Resource Files\Source Files\Geometry</Filter>
    </ClCompile>
    <ClCompile Include="Source\Geometry\Boundary.cpp">
      <Filter>Resource Files\Source Files\Geometry</Filter>
    </ClCompile>
    <ClCompile Include="Source\IO\Finder.cpp">
      <Filter>Resource Files\Source Files\IO</Filter>
    </ClCompile>
    <ClCompile Include="Source\IO\output_console.cpp">
      <Filter>Resource Files\Source Files\IO</Filter>
    </ClCompile>
    <ClCompile Include="Source\IO\Parameters.cpp">
      <Filter>Resource Files\Source Files\IO</Filter>
    </ClCompile>
    <ClCompile Include="Source\Stl\stl.cpp">
      <Filter>Resource Files\Source Files</Filter>
    </ClCompile>
    <ClCompile Include="Source\Topology\Face.cpp">
      <Filter>Resource Files\Source Files\Topology</Filter>
    </ClCompile>
    <ClCompile Include="Source\Topology\Loop.cpp">
      <Filter>Resource Files\Source Files\Topology</Filter>
    </ClCompile>
    <ClCompile Include="Source\Topology\Node.cpp">
      <Filter>Resource Files\Source Files\Topology</Filter>
    </ClCompile>
    <ClCompile Include="Source\Topology\Topology.cpp">
      <Filter>Resource Files\Source Files\Topology</Filter>
    </ClCompile>
    <ClCompile Include="Source\Topology\Edge.cpp">
      <Filter>Resource Files\Source Files\Topology</Filter>
    </ClCompile>
  </ItemGroup>
  <ItemGroup>
    <None Include="cpp.hint" />
  </ItemGroup>
</Project>